// !$*UTF8*$!
{
	archiveVersion = 1;
	classes = {
	};
	objectVersion = 56;
	objects = {

/* Begin PBXBuildFile section */
		1198BC49296C1F8F001876BA /* AppDelegate.swift in Sources */ = {isa = PBXBuildFile; fileRef = 1198BC48296C1F8F001876BA /* AppDelegate.swift */; };
		1198BC4B296C1F8F001876BA /* SceneDelegate.swift in Sources */ = {isa = PBXBuildFile; fileRef = 1198BC4A296C1F8F001876BA /* SceneDelegate.swift */; };
		1198BC4D296C1F8F001876BA /* MainTabBarViewController.swift in Sources */ = {isa = PBXBuildFile; fileRef = 1198BC4C296C1F8F001876BA /* MainTabBarViewController.swift */; };
		1198BC52296C1F90001876BA /* Assets.xcassets in Resources */ = {isa = PBXBuildFile; fileRef = 1198BC51296C1F90001876BA /* Assets.xcassets */; };
		1198BC55296C1F90001876BA /* LaunchScreen.storyboard in Resources */ = {isa = PBXBuildFile; fileRef = 1198BC53296C1F90001876BA /* LaunchScreen.storyboard */; };
		1198BC60296CB081001876BA /* HomeViewController.swift in Sources */ = {isa = PBXBuildFile; fileRef = 1198BC5F296CB081001876BA /* HomeViewController.swift */; };
		1198BC62296CB0A7001876BA /* UpcomingViewController.swift in Sources */ = {isa = PBXBuildFile; fileRef = 1198BC61296CB0A7001876BA /* UpcomingViewController.swift */; };
		1198BC64296CB106001876BA /* SearchViewController.swift in Sources */ = {isa = PBXBuildFile; fileRef = 1198BC63296CB106001876BA /* SearchViewController.swift */; };
		1198BC66296CB13D001876BA /* DownloadsViewController.swift in Sources */ = {isa = PBXBuildFile; fileRef = 1198BC65296CB13D001876BA /* DownloadsViewController.swift */; };
		11FF4552296CD3A500E71765 /* CollectionViewTableViewCell.swift in Sources */ = {isa = PBXBuildFile; fileRef = 11FF4551296CD3A500E71765 /* CollectionViewTableViewCell.swift */; };
		11FF4554296CD8DA00E71765 /* HeroHeaderUIView.swift in Sources */ = {isa = PBXBuildFile; fileRef = 11FF4553296CD8DA00E71765 /* HeroHeaderUIView.swift */; };
/* End PBXBuildFile section */

/* Begin PBXFileReference section */
		1198BC45296C1F8F001876BA /* Reference Code.app */ = {isa = PBXFileReference; explicitFileType = wrapper.application; includeInIndex = 0; path = "Reference Code.app"; sourceTree = BUILT_PRODUCTS_DIR; };
		1198BC48296C1F8F001876BA /* AppDelegate.swift */ = {isa = PBXFileReference; lastKnownFileType = sourcecode.swift; path = AppDelegate.swift; sourceTree = "<group>"; };
		1198BC4A296C1F8F001876BA /* SceneDelegate.swift */ = {isa = PBXFileReference; lastKnownFileType = sourcecode.swift; path = SceneDelegate.swift; sourceTree = "<group>"; };
		1198BC4C296C1F8F001876BA /* MainTabBarViewController.swift */ = {isa = PBXFileReference; lastKnownFileType = sourcecode.swift; path = MainTabBarViewController.swift; sourceTree = "<group>"; };
		1198BC51296C1F90001876BA /* Assets.xcassets */ = {isa = PBXFileReference; lastKnownFileType = folder.assetcatalog; path = Assets.xcassets; sourceTree = "<group>"; };
		1198BC54296C1F90001876BA /* Base */ = {isa = PBXFileReference; lastKnownFileType = file.storyboard; name = Base; path = Base.lproj/LaunchScreen.storyboard; sourceTree = "<group>"; };
		1198BC56296C1F90001876BA /* Info.plist */ = {isa = PBXFileReference; lastKnownFileType = text.plist.xml; path = Info.plist; sourceTree = "<group>"; };
		1198BC5F296CB081001876BA /* HomeViewController.swift */ = {isa = PBXFileReference; lastKnownFileType = sourcecode.swift; path = HomeViewController.swift; sourceTree = "<group>"; };
		1198BC61296CB0A7001876BA /* UpcomingViewController.swift */ = {isa = PBXFileReference; lastKnownFileType = sourcecode.swift; path = UpcomingViewController.swift; sourceTree = "<group>"; };
		1198BC63296CB106001876BA /* SearchViewController.swift */ = {isa = PBXFileReference; lastKnownFileType = sourcecode.swift; path = SearchViewController.swift; sourceTree = "<group>"; };
		1198BC65296CB13D001876BA /* DownloadsViewController.swift */ = {isa = PBXFileReference; lastKnownFileType = sourcecode.swift; path = DownloadsViewController.swift; sourceTree = "<group>"; };
		11FF4551296CD3A500E71765 /* CollectionViewTableViewCell.swift */ = {isa = PBXFileReference; lastKnownFileType = sourcecode.swift; path = CollectionViewTableViewCell.swift; sourceTree = "<group>"; };
		11FF4553296CD8DA00E71765 /* HeroHeaderUIView.swift */ = {isa = PBXFileReference; lastKnownFileType = sourcecode.swift; path = HeroHeaderUIView.swift; sourceTree = "<group>"; };
/* End PBXFileReference section */

/* Begin PBXFrameworksBuildPhase section */
		1198BC42296C1F8F001876BA /* Frameworks */ = {
			isa = PBXFrameworksBuildPhase;
			buildActionMask = 2147483647;
			files = (
			);
			runOnlyForDeploymentPostprocessing = 0;
		};
/* End PBXFrameworksBuildPhase section */

/* Begin PBXGroup section */
		1198BC3C296C1F8F001876BA = {
			isa = PBXGroup;
			children = (
				1198BC47296C1F8F001876BA /* Reference Code */,
				1198BC46296C1F8F001876BA /* Products */,
			);
			sourceTree = "<group>";
		};
		1198BC46296C1F8F001876BA /* Products */ = {
			isa = PBXGroup;
			children = (
				1198BC45296C1F8F001876BA /* Reference Code.app */,
			);
			name = Products;
			sourceTree = "<group>";
		};
		1198BC47296C1F8F001876BA /* Reference Code */ = {
			isa = PBXGroup;
			children = (
				11FF4550296CD34100E71765 /* Managers */,
				11FF454F296CD33700E71765 /* Resources */,
				11FF454E296CD30D00E71765 /* Models */,
				11FF454C296CD2FB00E71765 /* Views */,
				11FF454D296CD30500E71765 /* ViewModels */,
				1198BC5E296CB05C001876BA /* Controllers */,
				1198BC48296C1F8F001876BA /* AppDelegate.swift */,
				1198BC4A296C1F8F001876BA /* SceneDelegate.swift */,
				1198BC4C296C1F8F001876BA /* MainTabBarViewController.swift */,
				1198BC51296C1F90001876BA /* Assets.xcassets */,
				1198BC53296C1F90001876BA /* LaunchScreen.storyboard */,
				1198BC56296C1F90001876BA /* Info.plist */,
			);
			path = "Reference Code";
			sourceTree = "<group>";
		};
		1198BC5E296CB05C001876BA /* Controllers */ = {
			isa = PBXGroup;
			children = (
				1198BC5F296CB081001876BA /* HomeViewController.swift */,
				1198BC61296CB0A7001876BA /* UpcomingViewController.swift */,
				1198BC63296CB106001876BA /* SearchViewController.swift */,
				1198BC65296CB13D001876BA /* DownloadsViewController.swift */,
			);
			path = Controllers;
			sourceTree = "<group>";
		};
		11FF454C296CD2FB00E71765 /* Views */ = {
			isa = PBXGroup;
			children = (
				11FF4551296CD3A500E71765 /* CollectionViewTableViewCell.swift */,
				11FF4553296CD8DA00E71765 /* HeroHeaderUIView.swift */,
			);
			path = Views;
			sourceTree = "<group>";
		};
		11FF454D296CD30500E71765 /* ViewModels */ = {
			isa = PBXGroup;
			children = (
			);
			path = ViewModels;
			sourceTree = "<group>";
		};
		11FF454E296CD30D00E71765 /* Models */ = {
			isa = PBXGroup;
			children = (
			);
			path = Models;
			sourceTree = "<group>";
		};
		11FF454F296CD33700E71765 /* Resources */ = {
			isa = PBXGroup;
			children = (
			);
			path = Resources;
			sourceTree = "<group>";
		};
		11FF4550296CD34100E71765 /* Managers */ = {
			isa = PBXGroup;
			children = (
			);
			path = Managers;
			sourceTree = "<group>";
		};
/* End PBXGroup section */

/* Begin PBXNativeTarget section */
		1198BC44296C1F8F001876BA /* Reference Code */ = {
			isa = PBXNativeTarget;
			buildConfigurationList = 1198BC59296C1F90001876BA /* Build configuration list for PBXNativeTarget "Reference Code" */;
			buildPhases = (
				1198BC41296C1F8F001876BA /* Sources */,
				1198BC42296C1F8F001876BA /* Frameworks */,
				1198BC43296C1F8F001876BA /* Resources */,
			);
			buildRules = (
			);
			dependencies = (
			);
			name = "Reference Code";
			productName = "Reference Code";
			productReference = 1198BC45296C1F8F001876BA /* Reference Code.app */;
			productType = "com.apple.product-type.application";
		};
/* End PBXNativeTarget section */

/* Begin PBXProject section */
		1198BC3D296C1F8F001876BA /* Project object */ = {
			isa = PBXProject;
			attributes = {
				BuildIndependentTargetsInParallel = 1;
				LastSwiftUpdateCheck = 1420;
				LastUpgradeCheck = 1420;
				TargetAttributes = {
					1198BC44296C1F8F001876BA = {
						CreatedOnToolsVersion = 14.2;
					};
				};
			};
			buildConfigurationList = 1198BC40296C1F8F001876BA /* Build configuration list for PBXProject "Reference Code" */;
			compatibilityVersion = "Xcode 14.0";
			developmentRegion = en;
			hasScannedForEncodings = 0;
			knownRegions = (
				en,
				Base,
			);
			mainGroup = 1198BC3C296C1F8F001876BA;
			productRefGroup = 1198BC46296C1F8F001876BA /* Products */;
			projectDirPath = "";
			projectRoot = "";
			targets = (
				1198BC44296C1F8F001876BA /* Reference Code */,
			);
		};
/* End PBXProject section */

/* Begin PBXResourcesBuildPhase section */
		1198BC43296C1F8F001876BA /* Resources */ = {
			isa = PBXResourcesBuildPhase;
			buildActionMask = 2147483647;
			files = (
				1198BC55296C1F90001876BA /* LaunchScreen.storyboard in Resources */,
				1198BC52296C1F90001876BA /* Assets.xcassets in Resources */,
			);
			runOnlyForDeploymentPostprocessing = 0;
		};
/* End PBXResourcesBuildPhase section */

/* Begin PBXSourcesBuildPhase section */
		1198BC41296C1F8F001876BA /* Sources */ = {
			isa = PBXSourcesBuildPhase;
			buildActionMask = 2147483647;
			files = (
				1198BC64296CB106001876BA /* SearchViewController.swift in Sources */,
				1198BC4D296C1F8F001876BA /* MainTabBarViewController.swift in Sources */,
				11FF4554296CD8DA00E71765 /* HeroHeaderUIView.swift in Sources */,
				11FF4552296CD3A500E71765 /* CollectionViewTableViewCell.swift in Sources */,
				1198BC66296CB13D001876BA /* DownloadsViewController.swift in Sources */,
				1198BC49296C1F8F001876BA /* AppDelegate.swift in Sources */,
				1198BC4B296C1F8F001876BA /* SceneDelegate.swift in Sources */,
				1198BC62296CB0A7001876BA /* UpcomingViewController.swift in Sources */,
				1198BC60296CB081001876BA /* HomeViewController.swift in Sources */,
			);
			runOnlyForDeploymentPostprocessing = 0;
		};
/* End PBXSourcesBuildPhase section */

/* Begin PBXVariantGroup section */
		1198BC53296C1F90001876BA /* LaunchScreen.storyboard */ = {
			isa = PBXVariantGroup;
			children = (
				1198BC54296C1F90001876BA /* Base */,
			);
			name = LaunchScreen.storyboard;
			sourceTree = "<group>";
		};
/* End PBXVariantGroup section */

/* Begin XCBuildConfiguration section */
		1198BC57296C1F90001876BA /* Debug */ = {
			isa = XCBuildConfiguration;
			buildSettings = {
				ALWAYS_SEARCH_USER_PATHS = NO;
				CLANG_ANALYZER_NONNULL = YES;
				CLANG_ANALYZER_NUMBER_OBJECT_CONVERSION = YES_AGGRESSIVE;
				CLANG_CXX_LANGUAGE_STANDARD = "gnu++20";
				CLANG_ENABLE_MODULES = YES;
				CLANG_ENABLE_OBJC_ARC = YES;
				CLANG_ENABLE_OBJC_WEAK = YES;
				CLANG_WARN_BLOCK_CAPTURE_AUTORELEASING = YES;
				CLANG_WARN_BOOL_CONVERSION = YES;
				CLANG_WARN_COMMA = YES;
				CLANG_WARN_CONSTANT_CONVERSION = YES;
				CLANG_WARN_DEPRECATED_OBJC_IMPLEMENTATIONS = YES;
				CLANG_WARN_DIRECT_OBJC_ISA_USAGE = YES_ERROR;
				CLANG_WARN_DOCUMENTATION_COMMENTS = YES;
				CLANG_WARN_EMPTY_BODY = YES;
				CLANG_WARN_ENUM_CONVERSION = YES;
				CLANG_WARN_INFINITE_RECURSION = YES;
				CLANG_WARN_INT_CONVERSION = YES;
				CLANG_WARN_NON_LITERAL_NULL_CONVERSION = YES;
				CLANG_WARN_OBJC_IMPLICIT_RETAIN_SELF = YES;
				CLANG_WARN_OBJC_LITERAL_CONVERSION = YES;
				CLANG_WARN_OBJC_ROOT_CLASS = YES_ERROR;
				CLANG_WARN_QUOTED_INCLUDE_IN_FRAMEWORK_HEADER = YES;
				CLANG_WARN_RANGE_LOOP_ANALYSIS = YES;
				CLANG_WARN_STRICT_PROTOTYPES = YES;
				CLANG_WARN_SUSPICIOUS_MOVE = YES;
				CLANG_WARN_UNGUARDED_AVAILABILITY = YES_AGGRESSIVE;
				CLANG_WARN_UNREACHABLE_CODE = YES;
				CLANG_WARN__DUPLICATE_METHOD_MATCH = YES;
				COPY_PHASE_STRIP = NO;
				DEBUG_INFORMATION_FORMAT = dwarf;
				ENABLE_STRICT_OBJC_MSGSEND = YES;
				ENABLE_TESTABILITY = YES;
				GCC_C_LANGUAGE_STANDARD = gnu11;
				GCC_DYNAMIC_NO_PIC = NO;
				GCC_NO_COMMON_BLOCKS = YES;
				GCC_OPTIMIZATION_LEVEL = 0;
				GCC_PREPROCESSOR_DEFINITIONS = (
					"DEBUG=1",
					"$(inherited)",
				);
				GCC_WARN_64_TO_32_BIT_CONVERSION = YES;
				GCC_WARN_ABOUT_RETURN_TYPE = YES_ERROR;
				GCC_WARN_UNDECLARED_SELECTOR = YES;
				GCC_WARN_UNINITIALIZED_AUTOS = YES_AGGRESSIVE;
				GCC_WARN_UNUSED_FUNCTION = YES;
				GCC_WARN_UNUSED_VARIABLE = YES;
				IPHONEOS_DEPLOYMENT_TARGET = 14.0;
				MTL_ENABLE_DEBUG_INFO = INCLUDE_SOURCE;
				MTL_FAST_MATH = YES;
				ONLY_ACTIVE_ARCH = YES;
				SDKROOT = iphoneos;
				SWIFT_ACTIVE_COMPILATION_CONDITIONS = DEBUG;
				SWIFT_OPTIMIZATION_LEVEL = "-Onone";
			};
			name = Debug;
		};
		1198BC58296C1F90001876BA /* Release */ = {
			isa = XCBuildConfiguration;
			buildSettings = {
				ALWAYS_SEARCH_USER_PATHS = NO;
				CLANG_ANALYZER_NONNULL = YES;
				CLANG_ANALYZER_NUMBER_OBJECT_CONVERSION = YES_AGGRESSIVE;
				CLANG_CXX_LANGUAGE_STANDARD = "gnu++20";
				CLANG_ENABLE_MODULES = YES;
				CLANG_ENABLE_OBJC_ARC = YES;
				CLANG_ENABLE_OBJC_WEAK = YES;
				CLANG_WARN_BLOCK_CAPTURE_AUTORELEASING = YES;
				CLANG_WARN_BOOL_CONVERSION = YES;
				CLANG_WARN_COMMA = YES;
				CLANG_WARN_CONSTANT_CONVERSION = YES;
				CLANG_WARN_DEPRECATED_OBJC_IMPLEMENTATIONS = YES;
				CLANG_WARN_DIRECT_OBJC_ISA_USAGE = YES_ERROR;
				CLANG_WARN_DOCUMENTATION_COMMENTS = YES;
				CLANG_WARN_EMPTY_BODY = YES;
				CLANG_WARN_ENUM_CONVERSION = YES;
				CLANG_WARN_INFINITE_RECURSION = YES;
				CLANG_WARN_INT_CONVERSION = YES;
				CLANG_WARN_NON_LITERAL_NULL_CONVERSION = YES;
				CLANG_WARN_OBJC_IMPLICIT_RETAIN_SELF = YES;
				CLANG_WARN_OBJC_LITERAL_CONVERSION = YES;
				CLANG_WARN_OBJC_ROOT_CLASS = YES_ERROR;
				CLANG_WARN_QUOTED_INCLUDE_IN_FRAMEWORK_HEADER = YES;
				CLANG_WARN_RANGE_LOOP_ANALYSIS = YES;
				CLANG_WARN_STRICT_PROTOTYPES = YES;
				CLANG_WARN_SUSPICIOUS_MOVE = YES;
				CLANG_WARN_UNGUARDED_AVAILABILITY = YES_AGGRESSIVE;
				CLANG_WARN_UNREACHABLE_CODE = YES;
				CLANG_WARN__DUPLICATE_METHOD_MATCH = YES;
				COPY_PHASE_STRIP = NO;
				DEBUG_INFORMATION_FORMAT = "dwarf-with-dsym";
				ENABLE_NS_ASSERTIONS = NO;
				ENABLE_STRICT_OBJC_MSGSEND = YES;
				GCC_C_LANGUAGE_STANDARD = gnu11;
				GCC_NO_COMMON_BLOCKS = YES;
				GCC_WARN_64_TO_32_BIT_CONVERSION = YES;
				GCC_WARN_ABOUT_RETURN_TYPE = YES_ERROR;
				GCC_WARN_UNDECLARED_SELECTOR = YES;
				GCC_WARN_UNINITIALIZED_AUTOS = YES_AGGRESSIVE;
				GCC_WARN_UNUSED_FUNCTION = YES;
				GCC_WARN_UNUSED_VARIABLE = YES;
				IPHONEOS_DEPLOYMENT_TARGET = 14.0;
				MTL_ENABLE_DEBUG_INFO = NO;
				MTL_FAST_MATH = YES;
				SDKROOT = iphoneos;
				SWIFT_COMPILATION_MODE = wholemodule;
				SWIFT_OPTIMIZATION_LEVEL = "-O";
				VALIDATE_PRODUCT = YES;
			};
			name = Release;
		};
		1198BC5A296C1F90001876BA /* Debug */ = {
			isa = XCBuildConfiguration;
			buildSettings = {
				ASSETCATALOG_COMPILER_APPICON_NAME = AppIcon;
				ASSETCATALOG_COMPILER_GLOBAL_ACCENT_COLOR_NAME = AccentColor;
				CODE_SIGN_STYLE = Automatic;
				CURRENT_PROJECT_VERSION = 1;
				DEVELOPMENT_TEAM = PJW68CGTGZ;
				GENERATE_INFOPLIST_FILE = YES;
				INFOPLIST_FILE = "Reference Code/Info.plist";
				INFOPLIST_KEY_UIApplicationSupportsIndirectInputEvents = YES;
				INFOPLIST_KEY_UILaunchStoryboardName = LaunchScreen;
				INFOPLIST_KEY_UISupportedInterfaceOrientations_iPad = "UIInterfaceOrientationPortrait UIInterfaceOrientationPortraitUpsideDown UIInterfaceOrientationLandscapeLeft UIInterfaceOrientationLandscapeRight";
				INFOPLIST_KEY_UISupportedInterfaceOrientations_iPhone = "UIInterfaceOrientationPortrait UIInterfaceOrientationLandscapeLeft UIInterfaceOrientationLandscapeRight";
				LD_RUNPATH_SEARCH_PATHS = (
					"$(inherited)",
					"@executable_path/Frameworks",
				);
				MARKETING_VERSION = 1.0;
				PRODUCT_BUNDLE_IDENTIFIER = "com.rcunningham.Reference-Code";
				PRODUCT_NAME = "$(TARGET_NAME)";
				SWIFT_EMIT_LOC_STRINGS = YES;
				SWIFT_VERSION = 5.0;
				TARGETED_DEVICE_FAMILY = "1,2";
			};
			name = Debug;
		};
		1198BC5B296C1F90001876BA /* Release */ = {
			isa = XCBuildConfiguration;
			buildSettings = {
				ASSETCATALOG_COMPILER_APPICON_NAME = AppIcon;
				ASSETCATALOG_COMPILER_GLOBAL_ACCENT_COLOR_NAME = AccentColor;
				CODE_SIGN_STYLE = Automatic;
				CURRENT_PROJECT_VERSION = 1;
				DEVELOPMENT_TEAM = PJW68CGTGZ;
				GENERATE_INFOPLIST_FILE = YES;
				INFOPLIST_FILE = "Reference Code/Info.plist";
				INFOPLIST_KEY_UIApplicationSupportsIndirectInputEvents = YES;
				INFOPLIST_KEY_UILaunchStoryboardName = LaunchScreen;
				INFOPLIST_KEY_UISupportedInterfaceOrientations_iPad = "UIInterfaceOrientationPortrait UIInterfaceOrientationPortraitUpsideDown UIInterfaceOrientationLandscapeLeft UIInterfaceOrientationLandscapeRight";
				INFOPLIST_KEY_UISupportedInterfaceOrientations_iPhone = "UIInterfaceOrientationPortrait UIInterfaceOrientationLandscapeLeft UIInterfaceOrientationLandscapeRight";
				LD_RUNPATH_SEARCH_PATHS = (
					"$(inherited)",
					"@executable_path/Frameworks",
				);
				MARKETING_VERSION = 1.0;
				PRODUCT_BUNDLE_IDENTIFIER = "com.rcunningham.Reference-Code";
				PRODUCT_NAME = "$(TARGET_NAME)";
				SWIFT_EMIT_LOC_STRINGS = YES;
				SWIFT_VERSION = 5.0;
				TARGETED_DEVICE_FAMILY = "1,2";
			};
			name = Release;
		};
/* End XCBuildConfiguration section */

/* Begin XCConfigurationList section */
		1198BC40296C1F8F001876BA /* Build configuration list for PBXProject "Reference Code" */ = {
			isa = XCConfigurationList;
			buildConfigurations = (
				1198BC57296C1F90001876BA /* Debug */,
				1198BC58296C1F90001876BA /* Release */,
			);
			defaultConfigurationIsVisible = 0;
			defaultConfigurationName = Release;
		};
		1198BC59296C1F90001876BA /* Build configuration list for PBXNativeTarget "Reference Code" */ = {
			isa = XCConfigurationList;
			buildConfigurations = (
				1198BC5A296C1F90001876BA /* Debug */,
				1198BC5B296C1F90001876BA /* Release */,
			);
			defaultConfigurationIsVisible = 0;
			defaultConfigurationName = Release;
		};
/* End XCConfigurationList section */
	};
	rootObject = 1198BC3D296C1F8F001876BA /* Project object */;
}
